PODS:
  - CalendarKit (0.14.2)
  - CULColorPicker (0.1.0)
  - FaveButton (3.2.1)
  - FSCalendar (2.8.2)
  - HorizontalCalendar (0.0.1)
  - InputBarAccessoryView (4.3.3):
    - InputBarAccessoryView/Core (= 4.3.3)
  - InputBarAccessoryView/Core (4.3.3)
  - KKPinCodeTextField (1.0.0)
  - MessageKit (3.1.0):
    - InputBarAccessoryView (~> 4.3.0)
  - SVProgressHUD (2.2.5)
  - SwiftChart (1.0.1)
  - SwiftWebSocket (2.7.0)
  - TwitterProfile (1.0.0)
  - XLPagerTabStrip (8.1.0)

DEPENDENCIES:
  - CalendarKit
  - CULColorPicker
  - FaveButton
  - FSCalendar
  - HorizontalCalendar
  - KKPinCodeTextField
  - MessageKit (~> 3.1.0)
  - SVProgressHUD
  - SwiftChart
  - SwiftWebSocket (~> 2.7.0)
  - TwitterProfile
  - XLPagerTabStrip

SPEC REPOS:
  trunk:
    - CalendarKit
    - CULColorPicker
    - FaveButton
    - FSCalendar
    - HorizontalCalendar
    - InputBarAccessoryView
    - KKPinCodeTextField
    - MessageKit
    - SVProgressHUD
    - SwiftChart
    - SwiftWebSocket
    - TwitterProfile
    - XLPagerTabStrip

SPEC CHECKSUMS:
  CalendarKit: 35dbb6e0809f7c282982a18e04fef71952d3cc55
  CULColorPicker: 43417b036b75277029de0c489d94d6d3a7378ddc
  FaveButton: 93cfebf6030336fa7653fad2068c3152ed668b39
  FSCalendar: e6a2eb9c571bf0719ed797ef807e08426753c241
  HorizontalCalendar: 264ae0d6b162890d637db90db3a618fc14587a69
  InputBarAccessoryView: 8e7fc09e9cba75e0fee5da13450e15c194806f69
  KKPinCodeTextField: 63a1fb841fd6a412cf664ef64dc065fc6767bd3c
  MessageKit: 3beb578737a5aa2bba25cc27c7b6d6faa09af5a7
  SVProgressHUD: 1428aafac632c1f86f62aa4243ec12008d7a51d6
  SwiftChart: ba767a678d568a5ee22d419e146a0582865e1aff
  SwiftWebSocket: 612c9729fd503cb6b0b8b45390c788686dac306f
  TwitterProfile: bbbf6e1ed97e57e8da673e13f8e155b56e922b5e
  XLPagerTabStrip: 22d4c58200d7c105e0e407ab6bfd01a5d85014be

PODFILE CHECKSUM: d1513e483ee2369d7816226457ef831195c60a8f

COCOAPODS: 1.10.0
