// !$*UTF8*$!
{
	archiveVersion = 1;
	classes = {
	};
	objectVersion = 51;
	objects = {

/* Begin PBXBuildFile section */
		7E0C9B8130764B6857CA6D15 /* Pods_setOutSimpleLife.framework in Frameworks */ = {isa = PBXBuildFile; fileRef = 3CF79094D11E4C44CE4D74AF /* Pods_setOutSimpleLife.framework */; };
		982FD2F4257D54BB0053CCBE /* SettingsViewController.swift in Sources */ = {isa = PBXBuildFile; fileRef = 982FD2F3257D54BB0053CCBE /* SettingsViewController.swift */; };
		982FD2F8257D550E0053CCBE /* UserInfoHeader.swift in Sources */ = {isa = PBXBuildFile; fileRef = 982FD2F7257D550E0053CCBE /* UserInfoHeader.swift */; };
		982FD2FB257D551C0053CCBE /* SettingsCell.swift in Sources */ = {isa = PBXBuildFile; fileRef = 982FD2FA257D551C0053CCBE /* SettingsCell.swift */; };
		982FD2FE257D5D320053CCBE /* SettingsSection.swift in Sources */ = {isa = PBXBuildFile; fileRef = 982FD2FD257D5D320053CCBE /* SettingsSection.swift */; };
		982FD308257D8B0F0053CCBE /* PersonalDetailsViewController.swift in Sources */ = {isa = PBXBuildFile; fileRef = 982FD307257D8B0F0053CCBE /* PersonalDetailsViewController.swift */; };
		982FD30B257D8C310053CCBE /* SettingsPersonalDetailsSection.swift in Sources */ = {isa = PBXBuildFile; fileRef = 982FD30A257D8C310053CCBE /* SettingsPersonalDetailsSection.swift */; };
		985D4EF225838FBE00711387 /* CommentCell.swift in Sources */ = {isa = PBXBuildFile; fileRef = 985D4EF125838FBE00711387 /* CommentCell.swift */; };
		985D4EF52583912800711387 /* CommentsViewController.swift in Sources */ = {isa = PBXBuildFile; fileRef = 985D4EF42583912800711387 /* CommentsViewController.swift */; };
		985D4F4B2584000200711387 /* WebSocketController.swift in Sources */ = {isa = PBXBuildFile; fileRef = 985D4F4A2584000200711387 /* WebSocketController.swift */; };
		985D4F4E2584001400711387 /* WebSocketTypes.swift in Sources */ = {isa = PBXBuildFile; fileRef = 985D4F4D2584001400711387 /* WebSocketTypes.swift */; };
		0F29688C257D88C9002EF1BF /* ScheduleViewController.swift in Sources */ = {isa = PBXBuildFile; fileRef = 0F29688B257D88C9002EF1BF /* ScheduleViewController.swift */; };
		0F29688E257D9DF4002EF1BF /* DatePickerController.swift in Sources */ = {isa = PBXBuildFile; fileRef = 0F29688D257D9DF4002EF1BF /* DatePickerController.swift */; };
		0F871A312583A54A00400D49 /* BalanceModel.swift in Sources */ = {isa = PBXBuildFile; fileRef = 0F871A302583A54A00400D49 /* BalanceModel.swift */; };
		0F95F147257858EA00BD8B80 /* TaskViewController.swift in Sources */ = {isa = PBXBuildFile; fileRef = 0F95F146257858EA00BD8B80 /* TaskViewController.swift */; };
		0F963F6D257C58A9002DD836 /* date.swift in Sources */ = {isa = PBXBuildFile; fileRef = 0F963F6C257C58A9002DD836 /* date.swift */; };
		0F96769F2583C2F200A1B197 /* AddBalanceViewController.swift in Sources */ = {isa = PBXBuildFile; fileRef = 0F96769E2583C2F200A1B197 /* AddBalanceViewController.swift */; };
		0FC75F52257C67DE001FE1E7 /* json.swift in Sources */ = {isa = PBXBuildFile; fileRef = 0FC75F51257C67DE001FE1E7 /* json.swift */; };
		0FC75F54257D3E41001FE1E7 /* FinanceViewController.swift in Sources */ = {isa = PBXBuildFile; fileRef = 0FC75F53257D3E41001FE1E7 /* FinanceViewController.swift */; };
		0FC9637825799A0D00E1784C /* ProjectModel.swift in Sources */ = {isa = PBXBuildFile; fileRef = 0FC9637725799A0D00E1784C /* ProjectModel.swift */; };
		0FC9637A25799E3700E1784C /* TaskModel.swift in Sources */ = {isa = PBXBuildFile; fileRef = 0FC9637925799E3700E1784C /* TaskModel.swift */; };
		0FC9637D25799F2400E1784C /* TagModel.swift in Sources */ = {isa = PBXBuildFile; fileRef = 0FC9637C25799F2400E1784C /* TagModel.swift */; };
		0FC9637F2579C4AE00E1784C /* hexColor.swift in Sources */ = {isa = PBXBuildFile; fileRef = 0FC9637E2579C4AE00E1784C /* hexColor.swift */; };
		0FC96381257A734900E1784C /* AddTaskViewController.swift in Sources */ = {isa = PBXBuildFile; fileRef = 0FC96380257A734900E1784C /* AddTaskViewController.swift */; };
		0FC96383257ABE1200E1784C /* AddTagViewController.swift in Sources */ = {isa = PBXBuildFile; fileRef = 0FC96382257ABE1200E1784C /* AddTagViewController.swift */; };
		0FC9638B257AD8B100E1784C /* SwiftUIView.swift in Sources */ = {isa = PBXBuildFile; fileRef = 0FC9638A257AD8B100E1784C /* SwiftUIView.swift */; };
		0FC9638D257AF6FB00E1784C /* Dictionary.swift in Sources */ = {isa = PBXBuildFile; fileRef = 0FC9638C257AF6FB00E1784C /* Dictionary.swift */; };
		0FC9638F257AFBC800E1784C /* toast.swift in Sources */ = {isa = PBXBuildFile; fileRef = 0FC9638E257AFBC800E1784C /* toast.swift */; };
		0FC96391257BD7F400E1784C /* AddProjectViewController.swift in Sources */ = {isa = PBXBuildFile; fileRef = 0FC96390257BD7F400E1784C /* AddProjectViewController.swift */; };
		989A84382566B2D700A0F277 /* AppDelegate.swift in Sources */ = {isa = PBXBuildFile; fileRef = 989A84372566B2D700A0F277 /* AppDelegate.swift */; };
		989A843A2566B2D700A0F277 /* SceneDelegate.swift in Sources */ = {isa = PBXBuildFile; fileRef = 989A84392566B2D700A0F277 /* SceneDelegate.swift */; };
		989A843C2566B2D700A0F277 /* ViewController.swift in Sources */ = {isa = PBXBuildFile; fileRef = 989A843B2566B2D700A0F277 /* ViewController.swift */; };
		989A843F2566B2D700A0F277 /* Main.storyboard in Resources */ = {isa = PBXBuildFile; fileRef = 989A843D2566B2D700A0F277 /* Main.storyboard */; };
		989A84422566B2D700A0F277 /* setOutSimpleLife.xcdatamodeld in Sources */ = {isa = PBXBuildFile; fileRef = 989A84402566B2D700A0F277 /* setOutSimpleLife.xcdatamodeld */; };
		989A84442566B2DA00A0F277 /* Assets.xcassets in Resources */ = {isa = PBXBuildFile; fileRef = 989A84432566B2DA00A0F277 /* Assets.xcassets */; };
		989A84472566B2DA00A0F277 /* LaunchScreen.storyboard in Resources */ = {isa = PBXBuildFile; fileRef = 989A84452566B2DA00A0F277 /* LaunchScreen.storyboard */; };
		989A84542566B43500A0F277 /* SignUpViewController.swift in Sources */ = {isa = PBXBuildFile; fileRef = 989A84532566B43500A0F277 /* SignUpViewController.swift */; };
		989A845A2567C8CB00A0F277 /* Alert.swift in Sources */ = {isa = PBXBuildFile; fileRef = 989A84592567C8CB00A0F277 /* Alert.swift */; };
		989A845E256DADC600A0F277 /* ForgotPasswordViewController.swift in Sources */ = {isa = PBXBuildFile; fileRef = 989A845D256DADC600A0F277 /* ForgotPasswordViewController.swift */; };
		989A8464256E7CD800A0F277 /* poppinsbold.otf in Resources */ = {isa = PBXBuildFile; fileRef = 989A8460256E7CD800A0F277 /* poppinsbold.otf */; };
		989A8465256E7CD800A0F277 /* poppinsblack.otf in Resources */ = {isa = PBXBuildFile; fileRef = 989A8461256E7CD800A0F277 /* poppinsblack.otf */; };
		989A8466256E7CD800A0F277 /* pacifico.ttf in Resources */ = {isa = PBXBuildFile; fileRef = 989A8462256E7CD800A0F277 /* pacifico.ttf */; };
		989A8467256E7CD800A0F277 /* poppinsregular.otf in Resources */ = {isa = PBXBuildFile; fileRef = 989A8463256E7CD800A0F277 /* poppinsregular.otf */; };
		989A846A256E986F00A0F277 /* ConfirmPasswordViewController.swift in Sources */ = {isa = PBXBuildFile; fileRef = 989A8469256E986F00A0F277 /* ConfirmPasswordViewController.swift */; };
		989A846D256E9EB200A0F277 /* ConfirmCodeViewController.swift in Sources */ = {isa = PBXBuildFile; fileRef = 989A846C256E9EB200A0F277 /* ConfirmCodeViewController.swift */; };
		989A8470256EAE3200A0F277 /* HomeViewController.swift in Sources */ = {isa = PBXBuildFile; fileRef = 989A846F256EAE3200A0F277 /* HomeViewController.swift */; };
		98ABC6482581372A007E1F83 /* CreatePostViewController.swift in Sources */ = {isa = PBXBuildFile; fileRef = 98ABC6472581372A007E1F83 /* CreatePostViewController.swift */; };
		98E1A050257FBBD80061B28F /* PostHeaderCell.swift in Sources */ = {isa = PBXBuildFile; fileRef = 98E1A04F257FBBD80061B28F /* PostHeaderCell.swift */; };
		98E1A054257FBC090061B28F /* PostCell.swift in Sources */ = {isa = PBXBuildFile; fileRef = 98E1A053257FBC090061B28F /* PostCell.swift */; };
		98E1A057257FBF7D0061B28F /* PostModel.swift in Sources */ = {isa = PBXBuildFile; fileRef = 98E1A056257FBF7D0061B28F /* PostModel.swift */; };
		98E1A05A257FC2170061B28F /* PostsTableViewController.swift in Sources */ = {isa = PBXBuildFile; fileRef = 98E1A059257FC2170061B28F /* PostsTableViewController.swift */; };
		98E1A05D25800DBD0061B28F /* PostCellWithoutImage.swift in Sources */ = {isa = PBXBuildFile; fileRef = 98E1A05C25800DBD0061B28F /* PostCellWithoutImage.swift */; };
		98E6A5F8257BEC0D00D319C6 /* UserModel.swift in Sources */ = {isa = PBXBuildFile; fileRef = 98E6A5F7257BEC0D00D319C6 /* UserModel.swift */; };
		98E6A608257C22B800D319C6 /* ProfileViewController.swift in Sources */ = {isa = PBXBuildFile; fileRef = 98E6A607257C22B800D319C6 /* ProfileViewController.swift */; };
		98E6A618257C26A800D319C6 /* BottomViewController.swift in Sources */ = {isa = PBXBuildFile; fileRef = 98E6A617257C26A800D319C6 /* BottomViewController.swift */; };
		98E6A61C257C26D200D319C6 /* EmptyViewController.swift in Sources */ = {isa = PBXBuildFile; fileRef = 98E6A61B257C26D200D319C6 /* EmptyViewController.swift */; };
		98E6A61F257C26F400D319C6 /* HeaderViewController.swift in Sources */ = {isa = PBXBuildFile; fileRef = 98E6A61E257C26F400D319C6 /* HeaderViewController.swift */; };
		98E6A626257C275300D319C6 /* LabelCell.swift in Sources */ = {isa = PBXBuildFile; fileRef = 98E6A625257C275300D319C6 /* LabelCell.swift */; };
		98E6A629257C277000D319C6 /* XLPagerTabStripExampleViewController.swift in Sources */ = {isa = PBXBuildFile; fileRef = 98E6A628257C277000D319C6 /* XLPagerTabStripExampleViewController.swift */; };
		98E6A634257C27E900D319C6 /* BottomPageContainerViewController.swift in Sources */ = {isa = PBXBuildFile; fileRef = 98E6A633257C27E900D319C6 /* BottomPageContainerViewController.swift */; };
		98E6A638257C280800D319C6 /* BottomPageViewController.swift in Sources */ = {isa = PBXBuildFile; fileRef = 98E6A637257C280800D319C6 /* BottomPageViewController.swift */; };
		98E6A63C257C284400D319C6 /* Colors.swift in Sources */ = {isa = PBXBuildFile; fileRef = 98E6A63B257C284400D319C6 /* Colors.swift */; };
		98E6A63F257C286100D319C6 /* File.swift in Sources */ = {isa = PBXBuildFile; fileRef = 98E6A63E257C286100D319C6 /* File.swift */; };
		98E6A642257C287C00D319C6 /* GradientView.swift in Sources */ = {isa = PBXBuildFile; fileRef = 98E6A641257C287C00D319C6 /* GradientView.swift */; };
/* End PBXBuildFile section */

/* Begin PBXFileReference section */
		3CF79094D11E4C44CE4D74AF /* Pods_setOutSimpleLife.framework */ = {isa = PBXFileReference; explicitFileType = wrapper.framework; includeInIndex = 0; path = Pods_setOutSimpleLife.framework; sourceTree = BUILT_PRODUCTS_DIR; };
		982FD2F3257D54BB0053CCBE /* SettingsViewController.swift */ = {isa = PBXFileReference; lastKnownFileType = sourcecode.swift; path = SettingsViewController.swift; sourceTree = "<group>"; };
		982FD2F7257D550E0053CCBE /* UserInfoHeader.swift */ = {isa = PBXFileReference; lastKnownFileType = sourcecode.swift; path = UserInfoHeader.swift; sourceTree = "<group>"; };
		982FD2FA257D551C0053CCBE /* SettingsCell.swift */ = {isa = PBXFileReference; lastKnownFileType = sourcecode.swift; path = SettingsCell.swift; sourceTree = "<group>"; };
		982FD2FD257D5D320053CCBE /* SettingsSection.swift */ = {isa = PBXFileReference; lastKnownFileType = sourcecode.swift; path = SettingsSection.swift; sourceTree = "<group>"; };
		982FD307257D8B0F0053CCBE /* PersonalDetailsViewController.swift */ = {isa = PBXFileReference; lastKnownFileType = sourcecode.swift; path = PersonalDetailsViewController.swift; sourceTree = "<group>"; };
		982FD30A257D8C310053CCBE /* SettingsPersonalDetailsSection.swift */ = {isa = PBXFileReference; lastKnownFileType = sourcecode.swift; path = SettingsPersonalDetailsSection.swift; sourceTree = "<group>"; };
		985D4EF125838FBE00711387 /* CommentCell.swift */ = {isa = PBXFileReference; lastKnownFileType = sourcecode.swift; path = CommentCell.swift; sourceTree = "<group>"; };
		985D4EF42583912800711387 /* CommentsViewController.swift */ = {isa = PBXFileReference; lastKnownFileType = sourcecode.swift; path = CommentsViewController.swift; sourceTree = "<group>"; };
		985D4F4A2584000200711387 /* WebSocketController.swift */ = {isa = PBXFileReference; lastKnownFileType = sourcecode.swift; path = WebSocketController.swift; sourceTree = "<group>"; };
		985D4F4D2584001400711387 /* WebSocketTypes.swift */ = {isa = PBXFileReference; lastKnownFileType = sourcecode.swift; path = WebSocketTypes.swift; sourceTree = "<group>"; };
		0F29688B257D88C9002EF1BF /* ScheduleViewController.swift */ = {isa = PBXFileReference; lastKnownFileType = sourcecode.swift; path = ScheduleViewController.swift; sourceTree = "<group>"; };
		0F29688D257D9DF4002EF1BF /* DatePickerController.swift */ = {isa = PBXFileReference; lastKnownFileType = sourcecode.swift; path = DatePickerController.swift; sourceTree = "<group>"; };
		0F871A302583A54A00400D49 /* BalanceModel.swift */ = {isa = PBXFileReference; lastKnownFileType = sourcecode.swift; path = BalanceModel.swift; sourceTree = "<group>"; };
		0F95F146257858EA00BD8B80 /* TaskViewController.swift */ = {isa = PBXFileReference; lastKnownFileType = sourcecode.swift; path = TaskViewController.swift; sourceTree = "<group>"; };
		0F963F6C257C58A9002DD836 /* date.swift */ = {isa = PBXFileReference; lastKnownFileType = sourcecode.swift; path = date.swift; sourceTree = "<group>"; };
		0F96769E2583C2F200A1B197 /* AddBalanceViewController.swift */ = {isa = PBXFileReference; lastKnownFileType = sourcecode.swift; path = AddBalanceViewController.swift; sourceTree = "<group>"; };
		0FC75F51257C67DE001FE1E7 /* json.swift */ = {isa = PBXFileReference; lastKnownFileType = sourcecode.swift; path = json.swift; sourceTree = "<group>"; };
		0FC75F53257D3E41001FE1E7 /* FinanceViewController.swift */ = {isa = PBXFileReference; lastKnownFileType = sourcecode.swift; path = FinanceViewController.swift; sourceTree = "<group>"; };
		0FC9637725799A0D00E1784C /* ProjectModel.swift */ = {isa = PBXFileReference; lastKnownFileType = sourcecode.swift; path = ProjectModel.swift; sourceTree = "<group>"; };
		0FC9637925799E3700E1784C /* TaskModel.swift */ = {isa = PBXFileReference; lastKnownFileType = sourcecode.swift; path = TaskModel.swift; sourceTree = "<group>"; };
		0FC9637C25799F2400E1784C /* TagModel.swift */ = {isa = PBXFileReference; lastKnownFileType = sourcecode.swift; path = TagModel.swift; sourceTree = "<group>"; };
		0FC9637E2579C4AE00E1784C /* hexColor.swift */ = {isa = PBXFileReference; lastKnownFileType = sourcecode.swift; path = hexColor.swift; sourceTree = "<group>"; };
		0FC96380257A734900E1784C /* AddTaskViewController.swift */ = {isa = PBXFileReference; lastKnownFileType = sourcecode.swift; path = AddTaskViewController.swift; sourceTree = "<group>"; };
		0FC96382257ABE1200E1784C /* AddTagViewController.swift */ = {isa = PBXFileReference; lastKnownFileType = sourcecode.swift; path = AddTagViewController.swift; sourceTree = "<group>"; };
		0FC9638A257AD8B100E1784C /* SwiftUIView.swift */ = {isa = PBXFileReference; lastKnownFileType = sourcecode.swift; path = SwiftUIView.swift; sourceTree = "<group>"; };
		0FC9638C257AF6FB00E1784C /* Dictionary.swift */ = {isa = PBXFileReference; lastKnownFileType = sourcecode.swift; path = Dictionary.swift; sourceTree = "<group>"; };
		0FC9638E257AFBC800E1784C /* toast.swift */ = {isa = PBXFileReference; lastKnownFileType = sourcecode.swift; path = toast.swift; sourceTree = "<group>"; };
		0FC96390257BD7F400E1784C /* AddProjectViewController.swift */ = {isa = PBXFileReference; lastKnownFileType = sourcecode.swift; path = AddProjectViewController.swift; sourceTree = "<group>"; };
		3B80E9CDD6B3492FE660DD97 /* Pods_setOutSimpleLife.framework */ = {isa = PBXFileReference; explicitFileType = wrapper.framework; includeInIndex = 0; path = Pods_setOutSimpleLife.framework; sourceTree = BUILT_PRODUCTS_DIR; };
		3CEE21EEFDB3A4677EFE61F8 /* Pods-setOutSimpleLife.release.xcconfig */ = {isa = PBXFileReference; includeInIndex = 1; lastKnownFileType = text.xcconfig; name = "Pods-setOutSimpleLife.release.xcconfig"; path = "Target Support Files/Pods-setOutSimpleLife/Pods-setOutSimpleLife.release.xcconfig"; sourceTree = "<group>"; };
		989A84342566B2D700A0F277 /* setOutSimpleLife.app */ = {isa = PBXFileReference; explicitFileType = wrapper.application; includeInIndex = 0; path = setOutSimpleLife.app; sourceTree = BUILT_PRODUCTS_DIR; };
		989A84372566B2D700A0F277 /* AppDelegate.swift */ = {isa = PBXFileReference; lastKnownFileType = sourcecode.swift; path = AppDelegate.swift; sourceTree = "<group>"; };
		989A84392566B2D700A0F277 /* SceneDelegate.swift */ = {isa = PBXFileReference; lastKnownFileType = sourcecode.swift; path = SceneDelegate.swift; sourceTree = "<group>"; };
		989A843B2566B2D700A0F277 /* ViewController.swift */ = {isa = PBXFileReference; lastKnownFileType = sourcecode.swift; path = ViewController.swift; sourceTree = "<group>"; };
		989A843E2566B2D700A0F277 /* Base */ = {isa = PBXFileReference; lastKnownFileType = file.storyboard; name = Base; path = Base.lproj/Main.storyboard; sourceTree = "<group>"; };
		989A84412566B2D700A0F277 /* setOutSimpleLife.xcdatamodel */ = {isa = PBXFileReference; lastKnownFileType = wrapper.xcdatamodel; path = setOutSimpleLife.xcdatamodel; sourceTree = "<group>"; };
		989A84432566B2DA00A0F277 /* Assets.xcassets */ = {isa = PBXFileReference; lastKnownFileType = folder.assetcatalog; path = Assets.xcassets; sourceTree = "<group>"; };
		989A84462566B2DA00A0F277 /* Base */ = {isa = PBXFileReference; lastKnownFileType = file.storyboard; name = Base; path = Base.lproj/LaunchScreen.storyboard; sourceTree = "<group>"; };
		989A84482566B2DA00A0F277 /* Info.plist */ = {isa = PBXFileReference; lastKnownFileType = text.plist.xml; path = Info.plist; sourceTree = "<group>"; };
		989A84532566B43500A0F277 /* SignUpViewController.swift */ = {isa = PBXFileReference; lastKnownFileType = sourcecode.swift; path = SignUpViewController.swift; sourceTree = "<group>"; };
		989A84592567C8CB00A0F277 /* Alert.swift */ = {isa = PBXFileReference; lastKnownFileType = sourcecode.swift; path = Alert.swift; sourceTree = "<group>"; };
		989A845D256DADC600A0F277 /* ForgotPasswordViewController.swift */ = {isa = PBXFileReference; lastKnownFileType = sourcecode.swift; path = ForgotPasswordViewController.swift; sourceTree = "<group>"; };
		989A8460256E7CD800A0F277 /* poppinsbold.otf */ = {isa = PBXFileReference; lastKnownFileType = file; path = poppinsbold.otf; sourceTree = "<group>"; };
		989A8461256E7CD800A0F277 /* poppinsblack.otf */ = {isa = PBXFileReference; lastKnownFileType = file; path = poppinsblack.otf; sourceTree = "<group>"; };
		989A8462256E7CD800A0F277 /* pacifico.ttf */ = {isa = PBXFileReference; lastKnownFileType = file; path = pacifico.ttf; sourceTree = "<group>"; };
		989A8463256E7CD800A0F277 /* poppinsregular.otf */ = {isa = PBXFileReference; lastKnownFileType = file; path = poppinsregular.otf; sourceTree = "<group>"; };
		989A8469256E986F00A0F277 /* ConfirmPasswordViewController.swift */ = {isa = PBXFileReference; lastKnownFileType = sourcecode.swift; path = ConfirmPasswordViewController.swift; sourceTree = "<group>"; };
		989A846C256E9EB200A0F277 /* ConfirmCodeViewController.swift */ = {isa = PBXFileReference; lastKnownFileType = sourcecode.swift; path = ConfirmCodeViewController.swift; sourceTree = "<group>"; };
		989A846F256EAE3200A0F277 /* HomeViewController.swift */ = {isa = PBXFileReference; lastKnownFileType = sourcecode.swift; path = HomeViewController.swift; sourceTree = "<group>"; };
		98ABC6472581372A007E1F83 /* CreatePostViewController.swift */ = {isa = PBXFileReference; lastKnownFileType = sourcecode.swift; path = CreatePostViewController.swift; sourceTree = "<group>"; };
		98E1A04F257FBBD80061B28F /* PostHeaderCell.swift */ = {isa = PBXFileReference; lastKnownFileType = sourcecode.swift; path = PostHeaderCell.swift; sourceTree = "<group>"; };
		98E1A053257FBC090061B28F /* PostCell.swift */ = {isa = PBXFileReference; lastKnownFileType = sourcecode.swift; path = PostCell.swift; sourceTree = "<group>"; };
		98E1A056257FBF7D0061B28F /* PostModel.swift */ = {isa = PBXFileReference; lastKnownFileType = sourcecode.swift; path = PostModel.swift; sourceTree = "<group>"; };
		98E1A059257FC2170061B28F /* PostsTableViewController.swift */ = {isa = PBXFileReference; lastKnownFileType = sourcecode.swift; path = PostsTableViewController.swift; sourceTree = "<group>"; };
		98E1A05C25800DBD0061B28F /* PostCellWithoutImage.swift */ = {isa = PBXFileReference; lastKnownFileType = sourcecode.swift; path = PostCellWithoutImage.swift; sourceTree = "<group>"; };
		98E6A5F7257BEC0D00D319C6 /* UserModel.swift */ = {isa = PBXFileReference; lastKnownFileType = sourcecode.swift; path = UserModel.swift; sourceTree = "<group>"; };
		98E6A607257C22B800D319C6 /* ProfileViewController.swift */ = {isa = PBXFileReference; lastKnownFileType = sourcecode.swift; path = ProfileViewController.swift; sourceTree = "<group>"; };
		98E6A617257C26A800D319C6 /* BottomViewController.swift */ = {isa = PBXFileReference; lastKnownFileType = sourcecode.swift; path = BottomViewController.swift; sourceTree = "<group>"; };
		98E6A61B257C26D200D319C6 /* EmptyViewController.swift */ = {isa = PBXFileReference; lastKnownFileType = sourcecode.swift; path = EmptyViewController.swift; sourceTree = "<group>"; };
		98E6A61E257C26F400D319C6 /* HeaderViewController.swift */ = {isa = PBXFileReference; lastKnownFileType = sourcecode.swift; path = HeaderViewController.swift; sourceTree = "<group>"; };
		98E6A625257C275300D319C6 /* LabelCell.swift */ = {isa = PBXFileReference; lastKnownFileType = sourcecode.swift; path = LabelCell.swift; sourceTree = "<group>"; };
		98E6A628257C277000D319C6 /* XLPagerTabStripExampleViewController.swift */ = {isa = PBXFileReference; lastKnownFileType = sourcecode.swift; path = XLPagerTabStripExampleViewController.swift; sourceTree = "<group>"; };
		98E6A633257C27E900D319C6 /* BottomPageContainerViewController.swift */ = {isa = PBXFileReference; lastKnownFileType = sourcecode.swift; path = BottomPageContainerViewController.swift; sourceTree = "<group>"; };
		98E6A637257C280800D319C6 /* BottomPageViewController.swift */ = {isa = PBXFileReference; lastKnownFileType = sourcecode.swift; path = BottomPageViewController.swift; sourceTree = "<group>"; };
		98E6A63B257C284400D319C6 /* Colors.swift */ = {isa = PBXFileReference; lastKnownFileType = sourcecode.swift; path = Colors.swift; sourceTree = "<group>"; };
		98E6A63E257C286100D319C6 /* File.swift */ = {isa = PBXFileReference; lastKnownFileType = sourcecode.swift; path = File.swift; sourceTree = "<group>"; };
		98E6A641257C287C00D319C6 /* GradientView.swift */ = {isa = PBXFileReference; lastKnownFileType = sourcecode.swift; path = GradientView.swift; sourceTree = "<group>"; };
		E89F7A128C21036E2867E8EB /* Pods-setOutSimpleLife.release.xcconfig */ = {isa = PBXFileReference; includeInIndex = 1; lastKnownFileType = text.xcconfig; name = "Pods-setOutSimpleLife.release.xcconfig"; path = "Target Support Files/Pods-setOutSimpleLife/Pods-setOutSimpleLife.release.xcconfig"; sourceTree = "<group>"; };
		F3FC4A49E30B07D5B1711667 /* Pods-setOutSimpleLife.debug.xcconfig */ = {isa = PBXFileReference; includeInIndex = 1; lastKnownFileType = text.xcconfig; name = "Pods-setOutSimpleLife.debug.xcconfig"; path = "Target Support Files/Pods-setOutSimpleLife/Pods-setOutSimpleLife.debug.xcconfig"; sourceTree = "<group>"; };
/* End PBXFileReference section */

/* Begin PBXFrameworksBuildPhase section */
		989A84312566B2D700A0F277 /* Frameworks */ = {
			isa = PBXFrameworksBuildPhase;
			buildActionMask = 2147483647;
			files = (
				7E0C9B8130764B6857CA6D15 /* Pods_setOutSimpleLife.framework in Frameworks */,
			);
			runOnlyForDeploymentPostprocessing = 0;
		};
/* End PBXFrameworksBuildPhase section */

/* Begin PBXGroup section */
		982FD2F2257D54A40053CCBE /* Settings */ = {
			isa = PBXGroup;
			children = (
				982FD2F3257D54BB0053CCBE /* SettingsViewController.swift */,
				982FD2F7257D550E0053CCBE /* UserInfoHeader.swift */,
				982FD2FA257D551C0053CCBE /* SettingsCell.swift */,
				982FD307257D8B0F0053CCBE /* PersonalDetailsViewController.swift */,
			);
			path = Settings;
			sourceTree = "<group>";
		};
		985D4F422583FFA500711387 /* webSocket */ = {
			isa = PBXGroup;
			children = (
				985D4F4A2584000200711387 /* WebSocketController.swift */,
				985D4F4D2584001400711387 /* WebSocketTypes.swift */,
			);
			path = webSocket;
		0FC96364257993BD00E1784C /* Models */ = {
			isa = PBXGroup;
			children = (
				0FC9637725799A0D00E1784C /* ProjectModel.swift */,
				0FC9637925799E3700E1784C /* TaskModel.swift */,
				0FC9637C25799F2400E1784C /* TagModel.swift */,
				0FC9637E2579C4AE00E1784C /* hexColor.swift */,
				0FC9638C257AF6FB00E1784C /* Dictionary.swift */,
				0FC9638E257AFBC800E1784C /* toast.swift */,
				0F963F6C257C58A9002DD836 /* date.swift */,
				0FC75F51257C67DE001FE1E7 /* json.swift */,
				0F871A302583A54A00400D49 /* BalanceModel.swift */,
				98E6A5F7257BEC0D00D319C6 /* UserModel.swift */,
				982FD2FD257D5D320053CCBE /* SettingsSection.swift */,
				982FD30A257D8C310053CCBE /* SettingsPersonalDetailsSection.swift */,
				98E1A056257FBF7D0061B28F /* PostModel.swift */,
			);
			path = Models;
			sourceTree = "<group>";
		};
		0FC96387257ACA7A00E1784C /* SwiftUI */ = {
			isa = PBXGroup;
			children = (
				0FC9638A257AD8B100E1784C /* SwiftUIView.swift */,
			);
			path = SwiftUI;
			sourceTree = "<group>";
		};
		2B4252A56FBD548ACB708F82 /* Pods */ = {
			isa = PBXGroup;
			children = (
				7A3DA5DBD7139203A07449F9 /* Pods-setOutSimpleLife.debug.xcconfig */,
				3CEE21EEFDB3A4677EFE61F8 /* Pods-setOutSimpleLife.release.xcconfig */,
			);
			path = Pods;
			sourceTree = "<group>";
		};
		70F334E0656F82D79E16AB1D /* Frameworks */ = {
			isa = PBXGroup;
			children = (
				3B80E9CDD6B3492FE660DD97 /* Pods_setOutSimpleLife.framework */,
			);
			name = Frameworks;
			sourceTree = "<group>";
		};
		989A842B2566B2D700A0F277 = {
			isa = PBXGroup;
			children = (
				989A84362566B2D700A0F277 /* setOutSimpleLife */,
				989A84352566B2D700A0F277 /* Products */,
				AAA2700D8EE3FFDDB4CB11A9 /* Pods */,
				E733E7EE8C910B1A6E56B49C /* Frameworks */,
			);
			sourceTree = "<group>";
		};
		989A84352566B2D700A0F277 /* Products */ = {
			isa = PBXGroup;
			children = (
				989A84342566B2D700A0F277 /* setOutSimpleLife.app */,
			);
			name = Products;
			sourceTree = "<group>";
		};
		989A84362566B2D700A0F277 /* setOutSimpleLife */ = {
			isa = PBXGroup;
			children = (
				985D4F422583FFA500711387 /* webSocket */,
				0FC96387257ACA7A00E1784C /* SwiftUI */,
				0FC96364257993BD00E1784C /* Models */,
				989A84582567C8AA00A0F277 /* Alert */,
				989A84522566B40600A0F277 /* Controllers */,
				989A84512566B3FF00A0F277 /* Fonts */,
				989A84372566B2D700A0F277 /* AppDelegate.swift */,
				989A84392566B2D700A0F277 /* SceneDelegate.swift */,
				989A843D2566B2D700A0F277 /* Main.storyboard */,
				989A84432566B2DA00A0F277 /* Assets.xcassets */,
				989A84452566B2DA00A0F277 /* LaunchScreen.storyboard */,
				989A84482566B2DA00A0F277 /* Info.plist */,
				989A84402566B2D700A0F277 /* setOutSimpleLife.xcdatamodeld */,
			);
			path = setOutSimpleLife;
			sourceTree = "<group>";
		};
		989A84512566B3FF00A0F277 /* Fonts */ = {
			isa = PBXGroup;
			children = (
				989A8462256E7CD800A0F277 /* pacifico.ttf */,
				989A8461256E7CD800A0F277 /* poppinsblack.otf */,
				989A8460256E7CD800A0F277 /* poppinsbold.otf */,
				989A8463256E7CD800A0F277 /* poppinsregular.otf */,
			);
			path = Fonts;
			sourceTree = "<group>";
		};
		989A84522566B40600A0F277 /* Controllers */ = {
			isa = PBXGroup;
			children = (
				98E1A04E257FBBAA0061B28F /* Forum */,
				982FD2F2257D54A40053CCBE /* Settings */,
				98E6A611257C25A200D319C6 /* Profile */,
				989A843B2566B2D700A0F277 /* ViewController.swift */,
				989A84532566B43500A0F277 /* SignUpViewController.swift */,
				989A845D256DADC600A0F277 /* ForgotPasswordViewController.swift */,
				989A8469256E986F00A0F277 /* ConfirmPasswordViewController.swift */,
				989A846C256E9EB200A0F277 /* ConfirmCodeViewController.swift */,
				989A846F256EAE3200A0F277 /* HomeViewController.swift */,
				98E6A607257C22B800D319C6 /* ProfileViewController.swift */,
				0F95F146257858EA00BD8B80 /* TaskViewController.swift */,
				0FC96380257A734900E1784C /* AddTaskViewController.swift */,
				0FC96382257ABE1200E1784C /* AddTagViewController.swift */,
				0FC96390257BD7F400E1784C /* AddProjectViewController.swift */,
				0FC75F53257D3E41001FE1E7 /* FinanceViewController.swift */,
				0F29688B257D88C9002EF1BF /* ScheduleViewController.swift */,
				0F29688D257D9DF4002EF1BF /* DatePickerController.swift */,
				0F96769E2583C2F200A1B197 /* AddBalanceViewController.swift */,
			);
			path = Controllers;
			sourceTree = "<group>";
		};
		989A84582567C8AA00A0F277 /* Alert */ = {
			isa = PBXGroup;
			children = (
				989A84592567C8CB00A0F277 /* Alert.swift */,
			);
			path = Alert;
			sourceTree = "<group>";
		};
		98E1A04E257FBBAA0061B28F /* Forum */ = {
			isa = PBXGroup;
			children = (
				98E1A04F257FBBD80061B28F /* PostHeaderCell.swift */,
				98E1A053257FBC090061B28F /* PostCell.swift */,
				98E1A05C25800DBD0061B28F /* PostCellWithoutImage.swift */,
				98E1A059257FC2170061B28F /* PostsTableViewController.swift */,
				98ABC6472581372A007E1F83 /* CreatePostViewController.swift */,
				985D4EF125838FBE00711387 /* CommentCell.swift */,
				985D4EF42583912800711387 /* CommentsViewController.swift */,
			);
			path = Forum;
			sourceTree = "<group>";
		};
		98E6A611257C25A200D319C6 /* Profile */ = {
			isa = PBXGroup;
			children = (
				98E6A616257C266A00D319C6 /* New Group */,
			);
			path = Profile;
			sourceTree = "<group>";
		};
		98E6A616257C266A00D319C6 /* New Group */ = {
			isa = PBXGroup;
			children = (
				98E6A63A257C283300D319C6 /* New Group 3 */,
				98E6A632257C27CC00D319C6 /* New Group 2 */,
				98E6A617257C26A800D319C6 /* BottomViewController.swift */,
				98E6A61B257C26D200D319C6 /* EmptyViewController.swift */,
				98E6A61E257C26F400D319C6 /* HeaderViewController.swift */,
				98E6A625257C275300D319C6 /* LabelCell.swift */,
				98E6A628257C277000D319C6 /* XLPagerTabStripExampleViewController.swift */,
			);
			path = "New Group";
			sourceTree = "<group>";
		};
		98E6A632257C27CC00D319C6 /* New Group 2 */ = {
			isa = PBXGroup;
			children = (
				98E6A633257C27E900D319C6 /* BottomPageContainerViewController.swift */,
				98E6A637257C280800D319C6 /* BottomPageViewController.swift */,
			);
			path = "New Group 2";
			sourceTree = "<group>";
		};
		98E6A63A257C283300D319C6 /* New Group 3 */ = {
			isa = PBXGroup;
			children = (
				98E6A63B257C284400D319C6 /* Colors.swift */,
				98E6A63E257C286100D319C6 /* File.swift */,
				98E6A641257C287C00D319C6 /* GradientView.swift */,
			);
			path = "New Group 3";
			sourceTree = "<group>";
		};
		AAA2700D8EE3FFDDB4CB11A9 /* Pods */ = {
			isa = PBXGroup;
			children = (
				F3FC4A49E30B07D5B1711667 /* Pods-setOutSimpleLife.debug.xcconfig */,
				E89F7A128C21036E2867E8EB /* Pods-setOutSimpleLife.release.xcconfig */,
			);
			path = Pods;
			sourceTree = "<group>";
		};
		E733E7EE8C910B1A6E56B49C /* Frameworks */ = {
			isa = PBXGroup;
			children = (
				3CF79094D11E4C44CE4D74AF /* Pods_setOutSimpleLife.framework */,
			);
			name = Frameworks;
			sourceTree = "<group>";
		};
/* End PBXGroup section */

/* Begin PBXNativeTarget section */
		989A84332566B2D700A0F277 /* setOutSimpleLife */ = {
			isa = PBXNativeTarget;
			buildConfigurationList = 989A844B2566B2DA00A0F277 /* Build configuration list for PBXNativeTarget "setOutSimpleLife" */;
			buildPhases = (
				C38CF8FBA81C5B0CA0D38DFC /* [CP] Check Pods Manifest.lock */,
				989A84302566B2D700A0F277 /* Sources */,
				989A84312566B2D700A0F277 /* Frameworks */,
				989A84322566B2D700A0F277 /* Resources */,
				9DCD19D27648CAA1E3B2828A /* [CP] Embed Pods Frameworks */,
			);
			buildRules = (
			);
			dependencies = (
			);
			name = setOutSimpleLife;
			productName = setOutSimpleLife;
			productReference = 989A84342566B2D700A0F277 /* setOutSimpleLife.app */;
			productType = "com.apple.product-type.application";
		};
/* End PBXNativeTarget section */

/* Begin PBXProject section */
		989A842C2566B2D700A0F277 /* Project object */ = {
			isa = PBXProject;
			attributes = {
				KnownAssetTags = (
					1,
				);
				LastSwiftUpdateCheck = 1210;
				LastUpgradeCheck = 1210;
				TargetAttributes = {
					989A84332566B2D700A0F277 = {
						CreatedOnToolsVersion = 12.1;
					};
				};
			};
			buildConfigurationList = 989A842F2566B2D700A0F277 /* Build configuration list for PBXProject "setOutSimpleLife" */;
			compatibilityVersion = "Xcode 9.3";
			developmentRegion = en;
			hasScannedForEncodings = 0;
			knownRegions = (
				en,
				Base,
			);
			mainGroup = 989A842B2566B2D700A0F277;
			productRefGroup = 989A84352566B2D700A0F277 /* Products */;
			projectDirPath = "";
			projectRoot = "";
			targets = (
				989A84332566B2D700A0F277 /* setOutSimpleLife */,
			);
		};
/* End PBXProject section */

/* Begin PBXResourcesBuildPhase section */
		989A84322566B2D700A0F277 /* Resources */ = {
			isa = PBXResourcesBuildPhase;
			buildActionMask = 2147483647;
			files = (
				989A8466256E7CD800A0F277 /* pacifico.ttf in Resources */,
				989A8467256E7CD800A0F277 /* poppinsregular.otf in Resources */,
				989A8464256E7CD800A0F277 /* poppinsbold.otf in Resources */,
				989A84472566B2DA00A0F277 /* LaunchScreen.storyboard in Resources */,
				989A84442566B2DA00A0F277 /* Assets.xcassets in Resources */,
				989A843F2566B2D700A0F277 /* Main.storyboard in Resources */,
				989A8465256E7CD800A0F277 /* poppinsblack.otf in Resources */,
			);
			runOnlyForDeploymentPostprocessing = 0;
		};
/* End PBXResourcesBuildPhase section */

/* Begin PBXShellScriptBuildPhase section */
		9DCD19D27648CAA1E3B2828A /* [CP] Embed Pods Frameworks */ = {
			isa = PBXShellScriptBuildPhase;
			buildActionMask = 2147483647;
			files = (
			);
			inputFileListPaths = (
				"${PODS_ROOT}/Target Support Files/Pods-setOutSimpleLife/Pods-setOutSimpleLife-frameworks-${CONFIGURATION}-input-files.xcfilelist",
			);
			name = "[CP] Embed Pods Frameworks";
			outputFileListPaths = (
				"${PODS_ROOT}/Target Support Files/Pods-setOutSimpleLife/Pods-setOutSimpleLife-frameworks-${CONFIGURATION}-output-files.xcfilelist",
			);
			runOnlyForDeploymentPostprocessing = 0;
			shellPath = /bin/sh;
			shellScript = "\"${PODS_ROOT}/Target Support Files/Pods-setOutSimpleLife/Pods-setOutSimpleLife-frameworks.sh\"\n";
			showEnvVarsInLog = 0;
		};
		C38CF8FBA81C5B0CA0D38DFC /* [CP] Check Pods Manifest.lock */ = {
			isa = PBXShellScriptBuildPhase;
			buildActionMask = 2147483647;
			files = (
			);
			inputFileListPaths = (
			);
			inputPaths = (
				"${PODS_PODFILE_DIR_PATH}/Podfile.lock",
				"${PODS_ROOT}/Manifest.lock",
			);
			name = "[CP] Check Pods Manifest.lock";
			outputFileListPaths = (
			);
			outputPaths = (
				"$(DERIVED_FILE_DIR)/Pods-setOutSimpleLife-checkManifestLockResult.txt",
			);
			runOnlyForDeploymentPostprocessing = 0;
			shellPath = /bin/sh;
			shellScript = "diff \"${PODS_PODFILE_DIR_PATH}/Podfile.lock\" \"${PODS_ROOT}/Manifest.lock\" > /dev/null\nif [ $? != 0 ] ; then\n    # print error to STDERR\n    echo \"error: The sandbox is not in sync with the Podfile.lock. Run 'pod install' or update your CocoaPods installation.\" >&2\n    exit 1\nfi\n# This output is used by Xcode 'outputs' to avoid re-running this script phase.\necho \"SUCCESS\" > \"${SCRIPT_OUTPUT_FILE_0}\"\n";
			showEnvVarsInLog = 0;
		};
/* End PBXShellScriptBuildPhase section */

/* Begin PBXSourcesBuildPhase section */
		989A84302566B2D700A0F277 /* Sources */ = {
			isa = PBXSourcesBuildPhase;
			buildActionMask = 2147483647;
			files = (
				98E6A618257C26A800D319C6 /* BottomViewController.swift in Sources */,
				98E6A63C257C284400D319C6 /* Colors.swift in Sources */,
				98E1A057257FBF7D0061B28F /* PostModel.swift in Sources */,
				98E6A642257C287C00D319C6 /* GradientView.swift in Sources */,
				982FD30B257D8C310053CCBE /* SettingsPersonalDetailsSection.swift in Sources */,
				985D4F4E2584001400711387 /* WebSocketTypes.swift in Sources */,
				989A845A2567C8CB00A0F277 /* Alert.swift in Sources */,
				98ABC6482581372A007E1F83 /* CreatePostViewController.swift in Sources */,
				98E6A61F257C26F400D319C6 /* HeaderViewController.swift in Sources */,
				985D4EF52583912800711387 /* CommentsViewController.swift in Sources */,
				0FC96391257BD7F400E1784C /* AddProjectViewController.swift in Sources */,
				0FC75F54257D3E41001FE1E7 /* FinanceViewController.swift in Sources */,
				989A845A2567C8CB00A0F277 /* Alert.swift in Sources */,
				0FC9638F257AFBC800E1784C /* toast.swift in Sources */,
				0F871A312583A54A00400D49 /* BalanceModel.swift in Sources */,
				0FC96381257A734900E1784C /* AddTaskViewController.swift in Sources */,
				0FC9638D257AF6FB00E1784C /* Dictionary.swift in Sources */,
				0FC9638B257AD8B100E1784C /* SwiftUIView.swift in Sources */,
				989A845E256DADC600A0F277 /* ForgotPasswordViewController.swift in Sources */,
				0FC75F52257C67DE001FE1E7 /* json.swift in Sources */,
				0F963F6D257C58A9002DD836 /* date.swift in Sources */,
				989A843C2566B2D700A0F277 /* ViewController.swift in Sources */,
				98E1A050257FBBD80061B28F /* PostHeaderCell.swift in Sources */,
				98E1A05D25800DBD0061B28F /* PostCellWithoutImage.swift in Sources */,
				0F29688E257D9DF4002EF1BF /* DatePickerController.swift in Sources */,
				989A84382566B2D700A0F277 /* AppDelegate.swift in Sources */,
				0FC9637825799A0D00E1784C /* ProjectModel.swift in Sources */,
				0F96769F2583C2F200A1B197 /* AddBalanceViewController.swift in Sources */,
				989A843A2566B2D700A0F277 /* SceneDelegate.swift in Sources */,
				0FC9637A25799E3700E1784C /* TaskModel.swift in Sources */,
				0F29688C257D88C9002EF1BF /* ScheduleViewController.swift in Sources */,
				989A8470256EAE3200A0F277 /* HomeViewController.swift in Sources */,
				98E6A638257C280800D319C6 /* BottomPageViewController.swift in Sources */,
				98E6A608257C22B800D319C6 /* ProfileViewController.swift in Sources */,
				0FC9637D25799F2400E1784C /* TagModel.swift in Sources */,
				989A846D256E9EB200A0F277 /* ConfirmCodeViewController.swift in Sources */,
				982FD308257D8B0F0053CCBE /* PersonalDetailsViewController.swift in Sources */,
				98E6A634257C27E900D319C6 /* BottomPageContainerViewController.swift in Sources */,
				985D4EF225838FBE00711387 /* CommentCell.swift in Sources */,
				982FD2FE257D5D320053CCBE /* SettingsSection.swift in Sources */,
				982FD2FB257D551C0053CCBE /* SettingsCell.swift in Sources */,
				98E6A626257C275300D319C6 /* LabelCell.swift in Sources */,
				982FD2F4257D54BB0053CCBE /* SettingsViewController.swift in Sources */,
				989A84422566B2D700A0F277 /* setOutSimpleLife.xcdatamodeld in Sources */,
				0FC96383257ABE1200E1784C /* AddTagViewController.swift in Sources */,
				989A846A256E986F00A0F277 /* ConfirmPasswordViewController.swift in Sources */,
				98E6A63F257C286100D319C6 /* File.swift in Sources */,
				98E1A05A257FC2170061B28F /* PostsTableViewController.swift in Sources */,
				982FD2F8257D550E0053CCBE /* UserInfoHeader.swift in Sources */,
				985D4F4B2584000200711387 /* WebSocketController.swift in Sources */,
				98E6A629257C277000D319C6 /* XLPagerTabStripExampleViewController.swift in Sources */,
				0FC9637F2579C4AE00E1784C /* hexColor.swift in Sources */,
				0F95F147257858EA00BD8B80 /* TaskViewController.swift in Sources */,
				989A84542566B43500A0F277 /* SignUpViewController.swift in Sources */,
				98E6A61C257C26D200D319C6 /* EmptyViewController.swift in Sources */,
				98E6A5F8257BEC0D00D319C6 /* UserModel.swift in Sources */,
				98E1A054257FBC090061B28F /* PostCell.swift in Sources */,
			);
			runOnlyForDeploymentPostprocessing = 0;
		};
/* End PBXSourcesBuildPhase section */

/* Begin PBXVariantGroup section */
		989A843D2566B2D700A0F277 /* Main.storyboard */ = {
			isa = PBXVariantGroup;
			children = (
				989A843E2566B2D700A0F277 /* Base */,
			);
			name = Main.storyboard;
			sourceTree = "<group>";
		};
		989A84452566B2DA00A0F277 /* LaunchScreen.storyboard */ = {
			isa = PBXVariantGroup;
			children = (
				989A84462566B2DA00A0F277 /* Base */,
			);
			name = LaunchScreen.storyboard;
			sourceTree = "<group>";
		};
/* End PBXVariantGroup section */

/* Begin XCBuildConfiguration section */
		989A84492566B2DA00A0F277 /* Debug */ = {
			isa = XCBuildConfiguration;
			buildSettings = {
				ALWAYS_SEARCH_USER_PATHS = NO;
				CLANG_ANALYZER_NONNULL = YES;
				CLANG_ANALYZER_NUMBER_OBJECT_CONVERSION = YES_AGGRESSIVE;
				CLANG_CXX_LANGUAGE_STANDARD = "gnu++14";
				CLANG_CXX_LIBRARY = "libc++";
				CLANG_ENABLE_MODULES = YES;
				CLANG_ENABLE_OBJC_ARC = YES;
				CLANG_ENABLE_OBJC_WEAK = YES;
				CLANG_WARN_BLOCK_CAPTURE_AUTORELEASING = YES;
				CLANG_WARN_BOOL_CONVERSION = YES;
				CLANG_WARN_COMMA = YES;
				CLANG_WARN_CONSTANT_CONVERSION = YES;
				CLANG_WARN_DEPRECATED_OBJC_IMPLEMENTATIONS = YES;
				CLANG_WARN_DIRECT_OBJC_ISA_USAGE = YES_ERROR;
				CLANG_WARN_DOCUMENTATION_COMMENTS = YES;
				CLANG_WARN_EMPTY_BODY = YES;
				CLANG_WARN_ENUM_CONVERSION = YES;
				CLANG_WARN_INFINITE_RECURSION = YES;
				CLANG_WARN_INT_CONVERSION = YES;
				CLANG_WARN_NON_LITERAL_NULL_CONVERSION = YES;
				CLANG_WARN_OBJC_IMPLICIT_RETAIN_SELF = YES;
				CLANG_WARN_OBJC_LITERAL_CONVERSION = YES;
				CLANG_WARN_OBJC_ROOT_CLASS = YES_ERROR;
				CLANG_WARN_QUOTED_INCLUDE_IN_FRAMEWORK_HEADER = YES;
				CLANG_WARN_RANGE_LOOP_ANALYSIS = YES;
				CLANG_WARN_STRICT_PROTOTYPES = YES;
				CLANG_WARN_SUSPICIOUS_MOVE = YES;
				CLANG_WARN_UNGUARDED_AVAILABILITY = YES_AGGRESSIVE;
				CLANG_WARN_UNREACHABLE_CODE = YES;
				CLANG_WARN__DUPLICATE_METHOD_MATCH = YES;
				COPY_PHASE_STRIP = NO;
				DEBUG_INFORMATION_FORMAT = dwarf;
				DEVELOPMENT_TEAM = NS8D5TU55D;
				ENABLE_STRICT_OBJC_MSGSEND = YES;
				ENABLE_TESTABILITY = YES;
				GCC_C_LANGUAGE_STANDARD = gnu11;
				GCC_DYNAMIC_NO_PIC = NO;
				GCC_NO_COMMON_BLOCKS = YES;
				GCC_OPTIMIZATION_LEVEL = 0;
				GCC_PREPROCESSOR_DEFINITIONS = (
					"DEBUG=1",
					"$(inherited)",
				);
				GCC_WARN_64_TO_32_BIT_CONVERSION = YES;
				GCC_WARN_ABOUT_RETURN_TYPE = YES_ERROR;
				GCC_WARN_UNDECLARED_SELECTOR = YES;
				GCC_WARN_UNINITIALIZED_AUTOS = YES_AGGRESSIVE;
				GCC_WARN_UNUSED_FUNCTION = YES;
				GCC_WARN_UNUSED_VARIABLE = YES;
				IPHONEOS_DEPLOYMENT_TARGET = 13.2;
				MTL_ENABLE_DEBUG_INFO = INCLUDE_SOURCE;
				MTL_FAST_MATH = YES;
				ONLY_ACTIVE_ARCH = YES;
				SDKROOT = iphoneos;
				SWIFT_ACTIVE_COMPILATION_CONDITIONS = DEBUG;
				SWIFT_OPTIMIZATION_LEVEL = "-Onone";
			};
			name = Debug;
		};
		989A844A2566B2DA00A0F277 /* Release */ = {
			isa = XCBuildConfiguration;
			buildSettings = {
				ALWAYS_SEARCH_USER_PATHS = NO;
				CLANG_ANALYZER_NONNULL = YES;
				CLANG_ANALYZER_NUMBER_OBJECT_CONVERSION = YES_AGGRESSIVE;
				CLANG_CXX_LANGUAGE_STANDARD = "gnu++14";
				CLANG_CXX_LIBRARY = "libc++";
				CLANG_ENABLE_MODULES = YES;
				CLANG_ENABLE_OBJC_ARC = YES;
				CLANG_ENABLE_OBJC_WEAK = YES;
				CLANG_WARN_BLOCK_CAPTURE_AUTORELEASING = YES;
				CLANG_WARN_BOOL_CONVERSION = YES;
				CLANG_WARN_COMMA = YES;
				CLANG_WARN_CONSTANT_CONVERSION = YES;
				CLANG_WARN_DEPRECATED_OBJC_IMPLEMENTATIONS = YES;
				CLANG_WARN_DIRECT_OBJC_ISA_USAGE = YES_ERROR;
				CLANG_WARN_DOCUMENTATION_COMMENTS = YES;
				CLANG_WARN_EMPTY_BODY = YES;
				CLANG_WARN_ENUM_CONVERSION = YES;
				CLANG_WARN_INFINITE_RECURSION = YES;
				CLANG_WARN_INT_CONVERSION = YES;
				CLANG_WARN_NON_LITERAL_NULL_CONVERSION = YES;
				CLANG_WARN_OBJC_IMPLICIT_RETAIN_SELF = YES;
				CLANG_WARN_OBJC_LITERAL_CONVERSION = YES;
				CLANG_WARN_OBJC_ROOT_CLASS = YES_ERROR;
				CLANG_WARN_QUOTED_INCLUDE_IN_FRAMEWORK_HEADER = YES;
				CLANG_WARN_RANGE_LOOP_ANALYSIS = YES;
				CLANG_WARN_STRICT_PROTOTYPES = YES;
				CLANG_WARN_SUSPICIOUS_MOVE = YES;
				CLANG_WARN_UNGUARDED_AVAILABILITY = YES_AGGRESSIVE;
				CLANG_WARN_UNREACHABLE_CODE = YES;
				CLANG_WARN__DUPLICATE_METHOD_MATCH = YES;
				COPY_PHASE_STRIP = NO;
				DEBUG_INFORMATION_FORMAT = "dwarf-with-dsym";
				DEVELOPMENT_TEAM = NS8D5TU55D;
				ENABLE_NS_ASSERTIONS = NO;
				ENABLE_STRICT_OBJC_MSGSEND = YES;
				GCC_C_LANGUAGE_STANDARD = gnu11;
				GCC_NO_COMMON_BLOCKS = YES;
				GCC_WARN_64_TO_32_BIT_CONVERSION = YES;
				GCC_WARN_ABOUT_RETURN_TYPE = YES_ERROR;
				GCC_WARN_UNDECLARED_SELECTOR = YES;
				GCC_WARN_UNINITIALIZED_AUTOS = YES_AGGRESSIVE;
				GCC_WARN_UNUSED_FUNCTION = YES;
				GCC_WARN_UNUSED_VARIABLE = YES;
				IPHONEOS_DEPLOYMENT_TARGET = 13.2;
				MTL_ENABLE_DEBUG_INFO = NO;
				MTL_FAST_MATH = YES;
				SDKROOT = iphoneos;
				SWIFT_COMPILATION_MODE = wholemodule;
				SWIFT_OPTIMIZATION_LEVEL = "-O";
				VALIDATE_PRODUCT = YES;
			};
			name = Release;
		};
		989A844C2566B2DA00A0F277 /* Debug */ = {
			isa = XCBuildConfiguration;
			baseConfigurationReference = F3FC4A49E30B07D5B1711667 /* Pods-setOutSimpleLife.debug.xcconfig */;
			buildSettings = {
				ASSETCATALOG_COMPILER_APPICON_NAME = AppIcon;
				ASSETCATALOG_COMPILER_GLOBAL_ACCENT_COLOR_NAME = AccentColor;
				CODE_SIGN_STYLE = Automatic;
				INFOPLIST_FILE = setOutSimpleLife/Info.plist;
				LD_RUNPATH_SEARCH_PATHS = (
					"$(inherited)",
					"@executable_path/Frameworks",
				);
				PRODUCT_BUNDLE_IDENTIFIER = tn.esprit.setOutSimpleLife;
				PRODUCT_NAME = "$(TARGET_NAME)";
				SWIFT_VERSION = 5.0;
				TARGETED_DEVICE_FAMILY = "1,2";
			};
			name = Debug;
		};
		989A844D2566B2DA00A0F277 /* Release */ = {
			isa = XCBuildConfiguration;
			baseConfigurationReference = E89F7A128C21036E2867E8EB /* Pods-setOutSimpleLife.release.xcconfig */;
			buildSettings = {
				ASSETCATALOG_COMPILER_APPICON_NAME = AppIcon;
				ASSETCATALOG_COMPILER_GLOBAL_ACCENT_COLOR_NAME = AccentColor;
				CODE_SIGN_STYLE = Automatic;
				INFOPLIST_FILE = setOutSimpleLife/Info.plist;
				LD_RUNPATH_SEARCH_PATHS = (
					"$(inherited)",
					"@executable_path/Frameworks",
				);
				PRODUCT_BUNDLE_IDENTIFIER = tn.esprit.setOutSimpleLife;
				PRODUCT_NAME = "$(TARGET_NAME)";
				SWIFT_VERSION = 5.0;
				TARGETED_DEVICE_FAMILY = "1,2";
			};
			name = Release;
		};
/* End XCBuildConfiguration section */

/* Begin XCConfigurationList section */
		989A842F2566B2D700A0F277 /* Build configuration list for PBXProject "setOutSimpleLife" */ = {
			isa = XCConfigurationList;
			buildConfigurations = (
				989A84492566B2DA00A0F277 /* Debug */,
				989A844A2566B2DA00A0F277 /* Release */,
			);
			defaultConfigurationIsVisible = 0;
			defaultConfigurationName = Release;
		};
		989A844B2566B2DA00A0F277 /* Build configuration list for PBXNativeTarget "setOutSimpleLife" */ = {
			isa = XCConfigurationList;
			buildConfigurations = (
				989A844C2566B2DA00A0F277 /* Debug */,
				989A844D2566B2DA00A0F277 /* Release */,
			);
			defaultConfigurationIsVisible = 0;
			defaultConfigurationName = Release;
		};
/* End XCConfigurationList section */

/* Begin XCVersionGroup section */
		989A84402566B2D700A0F277 /* setOutSimpleLife.xcdatamodeld */ = {
			isa = XCVersionGroup;
			children = (
				989A84412566B2D700A0F277 /* setOutSimpleLife.xcdatamodel */,
			);
			currentVersion = 989A84412566B2D700A0F277 /* setOutSimpleLife.xcdatamodel */;
			path = setOutSimpleLife.xcdatamodeld;
			sourceTree = "<group>";
			versionGroupType = wrapper.xcdatamodel;
		};
/* End XCVersionGroup section */
	};
	rootObject = 989A842C2566B2D700A0F277 /* Project object */;
}
