// !$*UTF8*$!
{
	archiveVersion = 1;
	classes = {
	};
	objectVersion = 50;
	objects = {

/* Begin PBXBuildFile section */
		989A84382566B2D700A0F277 /* AppDelegate.swift in Sources */ = {isa = PBXBuildFile; fileRef = 989A84372566B2D700A0F277 /* AppDelegate.swift */; };
		989A843A2566B2D700A0F277 /* SceneDelegate.swift in Sources */ = {isa = PBXBuildFile; fileRef = 989A84392566B2D700A0F277 /* SceneDelegate.swift */; };
		989A843C2566B2D700A0F277 /* ViewController.swift in Sources */ = {isa = PBXBuildFile; fileRef = 989A843B2566B2D700A0F277 /* ViewController.swift */; };
		989A843F2566B2D700A0F277 /* Main.storyboard in Resources */ = {isa = PBXBuildFile; fileRef = 989A843D2566B2D700A0F277 /* Main.storyboard */; };
		989A84422566B2D700A0F277 /* setOutSimpleLife.xcdatamodeld in Sources */ = {isa = PBXBuildFile; fileRef = 989A84402566B2D700A0F277 /* setOutSimpleLife.xcdatamodeld */; };
		989A84442566B2DA00A0F277 /* Assets.xcassets in Resources */ = {isa = PBXBuildFile; fileRef = 989A84432566B2DA00A0F277 /* Assets.xcassets */; };
		989A84472566B2DA00A0F277 /* LaunchScreen.storyboard in Resources */ = {isa = PBXBuildFile; fileRef = 989A84452566B2DA00A0F277 /* LaunchScreen.storyboard */; };
		989A84542566B43500A0F277 /* SignUpViewController.swift in Sources */ = {isa = PBXBuildFile; fileRef = 989A84532566B43500A0F277 /* SignUpViewController.swift */; };
		989A845A2567C8CB00A0F277 /* Alert.swift in Sources */ = {isa = PBXBuildFile; fileRef = 989A84592567C8CB00A0F277 /* Alert.swift */; };
/* End PBXBuildFile section */

/* Begin PBXFileReference section */
		989A84342566B2D700A0F277 /* setOutSimpleLife.app */ = {isa = PBXFileReference; explicitFileType = wrapper.application; includeInIndex = 0; path = setOutSimpleLife.app; sourceTree = BUILT_PRODUCTS_DIR; };
		989A84372566B2D700A0F277 /* AppDelegate.swift */ = {isa = PBXFileReference; lastKnownFileType = sourcecode.swift; path = AppDelegate.swift; sourceTree = "<group>"; };
		989A84392566B2D700A0F277 /* SceneDelegate.swift */ = {isa = PBXFileReference; lastKnownFileType = sourcecode.swift; path = SceneDelegate.swift; sourceTree = "<group>"; };
		989A843B2566B2D700A0F277 /* ViewController.swift */ = {isa = PBXFileReference; lastKnownFileType = sourcecode.swift; path = ViewController.swift; sourceTree = "<group>"; };
		989A843E2566B2D700A0F277 /* Base */ = {isa = PBXFileReference; lastKnownFileType = file.storyboard; name = Base; path = Base.lproj/Main.storyboard; sourceTree = "<group>"; };
		989A84412566B2D700A0F277 /* setOutSimpleLife.xcdatamodel */ = {isa = PBXFileReference; lastKnownFileType = wrapper.xcdatamodel; path = setOutSimpleLife.xcdatamodel; sourceTree = "<group>"; };
		989A84432566B2DA00A0F277 /* Assets.xcassets */ = {isa = PBXFileReference; lastKnownFileType = folder.assetcatalog; path = Assets.xcassets; sourceTree = "<group>"; };
		989A84462566B2DA00A0F277 /* Base */ = {isa = PBXFileReference; lastKnownFileType = file.storyboard; name = Base; path = Base.lproj/LaunchScreen.storyboard; sourceTree = "<group>"; };
		989A84482566B2DA00A0F277 /* Info.plist */ = {isa = PBXFileReference; lastKnownFileType = text.plist.xml; path = Info.plist; sourceTree = "<group>"; };
		989A84532566B43500A0F277 /* SignUpViewController.swift */ = {isa = PBXFileReference; lastKnownFileType = sourcecode.swift; path = SignUpViewController.swift; sourceTree = "<group>"; };
		989A84592567C8CB00A0F277 /* Alert.swift */ = {isa = PBXFileReference; lastKnownFileType = sourcecode.swift; path = Alert.swift; sourceTree = "<group>"; };
/* End PBXFileReference section */

/* Begin PBXFrameworksBuildPhase section */
		989A84312566B2D700A0F277 /* Frameworks */ = {
			isa = PBXFrameworksBuildPhase;
			buildActionMask = 2147483647;
			files = (
			);
			runOnlyForDeploymentPostprocessing = 0;
		};
/* End PBXFrameworksBuildPhase section */

/* Begin PBXGroup section */
		989A842B2566B2D700A0F277 = {
			isa = PBXGroup;
			children = (
				989A84362566B2D700A0F277 /* setOutSimpleLife */,
				989A84352566B2D700A0F277 /* Products */,
			);
			sourceTree = "<group>";
		};
		989A84352566B2D700A0F277 /* Products */ = {
			isa = PBXGroup;
			children = (
				989A84342566B2D700A0F277 /* setOutSimpleLife.app */,
			);
			name = Products;
			sourceTree = "<group>";
		};
		989A84362566B2D700A0F277 /* setOutSimpleLife */ = {
			isa = PBXGroup;
			children = (
				989A84582567C8AA00A0F277 /* Alert */,
				989A84522566B40600A0F277 /* Controllers */,
				989A84512566B3FF00A0F277 /* Fonts */,
				989A84502566B3F700A0F277 /* Models */,
				989A84372566B2D700A0F277 /* AppDelegate.swift */,
				989A84392566B2D700A0F277 /* SceneDelegate.swift */,
				989A843D2566B2D700A0F277 /* Main.storyboard */,
				989A84432566B2DA00A0F277 /* Assets.xcassets */,
				989A84452566B2DA00A0F277 /* LaunchScreen.storyboard */,
				989A84482566B2DA00A0F277 /* Info.plist */,
				989A84402566B2D700A0F277 /* setOutSimpleLife.xcdatamodeld */,
			);
			path = setOutSimpleLife;
			sourceTree = "<group>";
		};
		989A84502566B3F700A0F277 /* Models */ = {
			isa = PBXGroup;
			children = (
			);
			path = Models;
			sourceTree = "<group>";
		};
		989A84512566B3FF00A0F277 /* Fonts */ = {
			isa = PBXGroup;
			children = (
			);
			path = Fonts;
			sourceTree = "<group>";
		};
		989A84522566B40600A0F277 /* Controllers */ = {
			isa = PBXGroup;
			children = (
				989A843B2566B2D700A0F277 /* ViewController.swift */,
				989A84532566B43500A0F277 /* SignUpViewController.swift */,
			);
			path = Controllers;
			sourceTree = "<group>";
		};
		989A84582567C8AA00A0F277 /* Alert */ = {
			isa = PBXGroup;
			children = (
				989A84592567C8CB00A0F277 /* Alert.swift */,
			);
			path = Alert;
			sourceTree = "<group>";
		};
/* End PBXGroup section */

/* Begin PBXNativeTarget section */
		989A84332566B2D700A0F277 /* setOutSimpleLife */ = {
			isa = PBXNativeTarget;
			buildConfigurationList = 989A844B2566B2DA00A0F277 /* Build configuration list for PBXNativeTarget "setOutSimpleLife" */;
			buildPhases = (
				989A84302566B2D700A0F277 /* Sources */,
				989A84312566B2D700A0F277 /* Frameworks */,
				989A84322566B2D700A0F277 /* Resources */,
			);
			buildRules = (
			);
			dependencies = (
			);
			name = setOutSimpleLife;
			productName = setOutSimpleLife;
			productReference = 989A84342566B2D700A0F277 /* setOutSimpleLife.app */;
			productType = "com.apple.product-type.application";
		};
/* End PBXNativeTarget section */

/* Begin PBXProject section */
		989A842C2566B2D700A0F277 /* Project object */ = {
			isa = PBXProject;
			attributes = {
				LastSwiftUpdateCheck = 1210;
				LastUpgradeCheck = 1210;
				TargetAttributes = {
					989A84332566B2D700A0F277 = {
						CreatedOnToolsVersion = 12.1;
					};
				};
			};
			buildConfigurationList = 989A842F2566B2D700A0F277 /* Build configuration list for PBXProject "setOutSimpleLife" */;
			compatibilityVersion = "Xcode 9.3";
			developmentRegion = en;
			hasScannedForEncodings = 0;
			knownRegions = (
				en,
				Base,
			);
			mainGroup = 989A842B2566B2D700A0F277;
			productRefGroup = 989A84352566B2D700A0F277 /* Products */;
			projectDirPath = "";
			projectRoot = "";
			targets = (
				989A84332566B2D700A0F277 /* setOutSimpleLife */,
			);
		};
/* End PBXProject section */

/* Begin PBXResourcesBuildPhase section */
		989A84322566B2D700A0F277 /* Resources */ = {
			isa = PBXResourcesBuildPhase;
			buildActionMask = 2147483647;
			files = (
				989A84472566B2DA00A0F277 /* LaunchScreen.storyboard in Resources */,
				989A84442566B2DA00A0F277 /* Assets.xcassets in Resources */,
				989A843F2566B2D700A0F277 /* Main.storyboard in Resources */,
			);
			runOnlyForDeploymentPostprocessing = 0;
		};
/* End PBXResourcesBuildPhase section */

/* Begin PBXSourcesBuildPhase section */
		989A84302566B2D700A0F277 /* Sources */ = {
			isa = PBXSourcesBuildPhase;
			buildActionMask = 2147483647;
			files = (
				989A845A2567C8CB00A0F277 /* Alert.swift in Sources */,
				989A843C2566B2D700A0F277 /* ViewController.swift in Sources */,
				989A84382566B2D700A0F277 /* AppDelegate.swift in Sources */,
				989A843A2566B2D700A0F277 /* SceneDelegate.swift in Sources */,
				989A84422566B2D700A0F277 /* setOutSimpleLife.xcdatamodeld in Sources */,
				989A84542566B43500A0F277 /* SignUpViewController.swift in Sources */,
			);
			runOnlyForDeploymentPostprocessing = 0;
		};
/* End PBXSourcesBuildPhase section */

/* Begin PBXVariantGroup section */
		989A843D2566B2D700A0F277 /* Main.storyboard */ = {
			isa = PBXVariantGroup;
			children = (
				989A843E2566B2D700A0F277 /* Base */,
			);
			name = Main.storyboard;
			sourceTree = "<group>";
		};
		989A84452566B2DA00A0F277 /* LaunchScreen.storyboard */ = {
			isa = PBXVariantGroup;
			children = (
				989A84462566B2DA00A0F277 /* Base */,
			);
			name = LaunchScreen.storyboard;
			sourceTree = "<group>";
		};
/* End PBXVariantGroup section */

/* Begin XCBuildConfiguration section */
		989A84492566B2DA00A0F277 /* Debug */ = {
			isa = XCBuildConfiguration;
			buildSettings = {
				ALWAYS_SEARCH_USER_PATHS = NO;
				CLANG_ANALYZER_NONNULL = YES;
				CLANG_ANALYZER_NUMBER_OBJECT_CONVERSION = YES_AGGRESSIVE;
				CLANG_CXX_LANGUAGE_STANDARD = "gnu++14";
				CLANG_CXX_LIBRARY = "libc++";
				CLANG_ENABLE_MODULES = YES;
				CLANG_ENABLE_OBJC_ARC = YES;
				CLANG_ENABLE_OBJC_WEAK = YES;
				CLANG_WARN_BLOCK_CAPTURE_AUTORELEASING = YES;
				CLANG_WARN_BOOL_CONVERSION = YES;
				CLANG_WARN_COMMA = YES;
				CLANG_WARN_CONSTANT_CONVERSION = YES;
				CLANG_WARN_DEPRECATED_OBJC_IMPLEMENTATIONS = YES;
				CLANG_WARN_DIRECT_OBJC_ISA_USAGE = YES_ERROR;
				CLANG_WARN_DOCUMENTATION_COMMENTS = YES;
				CLANG_WARN_EMPTY_BODY = YES;
				CLANG_WARN_ENUM_CONVERSION = YES;
				CLANG_WARN_INFINITE_RECURSION = YES;
				CLANG_WARN_INT_CONVERSION = YES;
				CLANG_WARN_NON_LITERAL_NULL_CONVERSION = YES;
				CLANG_WARN_OBJC_IMPLICIT_RETAIN_SELF = YES;
				CLANG_WARN_OBJC_LITERAL_CONVERSION = YES;
				CLANG_WARN_OBJC_ROOT_CLASS = YES_ERROR;
				CLANG_WARN_QUOTED_INCLUDE_IN_FRAMEWORK_HEADER = YES;
				CLANG_WARN_RANGE_LOOP_ANALYSIS = YES;
				CLANG_WARN_STRICT_PROTOTYPES = YES;
				CLANG_WARN_SUSPICIOUS_MOVE = YES;
				CLANG_WARN_UNGUARDED_AVAILABILITY = YES_AGGRESSIVE;
				CLANG_WARN_UNREACHABLE_CODE = YES;
				CLANG_WARN__DUPLICATE_METHOD_MATCH = YES;
				COPY_PHASE_STRIP = NO;
				DEBUG_INFORMATION_FORMAT = dwarf;
				DEVELOPMENT_TEAM = NS8D5TU55D;
				ENABLE_STRICT_OBJC_MSGSEND = YES;
				ENABLE_TESTABILITY = YES;
				GCC_C_LANGUAGE_STANDARD = gnu11;
				GCC_DYNAMIC_NO_PIC = NO;
				GCC_NO_COMMON_BLOCKS = YES;
				GCC_OPTIMIZATION_LEVEL = 0;
				GCC_PREPROCESSOR_DEFINITIONS = (
					"DEBUG=1",
					"$(inherited)",
				);
				GCC_WARN_64_TO_32_BIT_CONVERSION = YES;
				GCC_WARN_ABOUT_RETURN_TYPE = YES_ERROR;
				GCC_WARN_UNDECLARED_SELECTOR = YES;
				GCC_WARN_UNINITIALIZED_AUTOS = YES_AGGRESSIVE;
				GCC_WARN_UNUSED_FUNCTION = YES;
				GCC_WARN_UNUSED_VARIABLE = YES;
				IPHONEOS_DEPLOYMENT_TARGET = 13.2;
				MTL_ENABLE_DEBUG_INFO = INCLUDE_SOURCE;
				MTL_FAST_MATH = YES;
				ONLY_ACTIVE_ARCH = YES;
				SDKROOT = iphoneos;
				SWIFT_ACTIVE_COMPILATION_CONDITIONS = DEBUG;
				SWIFT_OPTIMIZATION_LEVEL = "-Onone";
			};
			name = Debug;
		};
		989A844A2566B2DA00A0F277 /* Release */ = {
			isa = XCBuildConfiguration;
			buildSettings = {
				ALWAYS_SEARCH_USER_PATHS = NO;
				CLANG_ANALYZER_NONNULL = YES;
				CLANG_ANALYZER_NUMBER_OBJECT_CONVERSION = YES_AGGRESSIVE;
				CLANG_CXX_LANGUAGE_STANDARD = "gnu++14";
				CLANG_CXX_LIBRARY = "libc++";
				CLANG_ENABLE_MODULES = YES;
				CLANG_ENABLE_OBJC_ARC = YES;
				CLANG_ENABLE_OBJC_WEAK = YES;
				CLANG_WARN_BLOCK_CAPTURE_AUTORELEASING = YES;
				CLANG_WARN_BOOL_CONVERSION = YES;
				CLANG_WARN_COMMA = YES;
				CLANG_WARN_CONSTANT_CONVERSION = YES;
				CLANG_WARN_DEPRECATED_OBJC_IMPLEMENTATIONS = YES;
				CLANG_WARN_DIRECT_OBJC_ISA_USAGE = YES_ERROR;
				CLANG_WARN_DOCUMENTATION_COMMENTS = YES;
				CLANG_WARN_EMPTY_BODY = YES;
				CLANG_WARN_ENUM_CONVERSION = YES;
				CLANG_WARN_INFINITE_RECURSION = YES;
				CLANG_WARN_INT_CONVERSION = YES;
				CLANG_WARN_NON_LITERAL_NULL_CONVERSION = YES;
				CLANG_WARN_OBJC_IMPLICIT_RETAIN_SELF = YES;
				CLANG_WARN_OBJC_LITERAL_CONVERSION = YES;
				CLANG_WARN_OBJC_ROOT_CLASS = YES_ERROR;
				CLANG_WARN_QUOTED_INCLUDE_IN_FRAMEWORK_HEADER = YES;
				CLANG_WARN_RANGE_LOOP_ANALYSIS = YES;
				CLANG_WARN_STRICT_PROTOTYPES = YES;
				CLANG_WARN_SUSPICIOUS_MOVE = YES;
				CLANG_WARN_UNGUARDED_AVAILABILITY = YES_AGGRESSIVE;
				CLANG_WARN_UNREACHABLE_CODE = YES;
				CLANG_WARN__DUPLICATE_METHOD_MATCH = YES;
				COPY_PHASE_STRIP = NO;
				DEBUG_INFORMATION_FORMAT = "dwarf-with-dsym";
				DEVELOPMENT_TEAM = NS8D5TU55D;
				ENABLE_NS_ASSERTIONS = NO;
				ENABLE_STRICT_OBJC_MSGSEND = YES;
				GCC_C_LANGUAGE_STANDARD = gnu11;
				GCC_NO_COMMON_BLOCKS = YES;
				GCC_WARN_64_TO_32_BIT_CONVERSION = YES;
				GCC_WARN_ABOUT_RETURN_TYPE = YES_ERROR;
				GCC_WARN_UNDECLARED_SELECTOR = YES;
				GCC_WARN_UNINITIALIZED_AUTOS = YES_AGGRESSIVE;
				GCC_WARN_UNUSED_FUNCTION = YES;
				GCC_WARN_UNUSED_VARIABLE = YES;
				IPHONEOS_DEPLOYMENT_TARGET = 13.2;
				MTL_ENABLE_DEBUG_INFO = NO;
				MTL_FAST_MATH = YES;
				SDKROOT = iphoneos;
				SWIFT_COMPILATION_MODE = wholemodule;
				SWIFT_OPTIMIZATION_LEVEL = "-O";
				VALIDATE_PRODUCT = YES;
			};
			name = Release;
		};
		989A844C2566B2DA00A0F277 /* Debug */ = {
			isa = XCBuildConfiguration;
			buildSettings = {
				ASSETCATALOG_COMPILER_APPICON_NAME = AppIcon;
				ASSETCATALOG_COMPILER_GLOBAL_ACCENT_COLOR_NAME = AccentColor;
				CODE_SIGN_STYLE = Automatic;
				INFOPLIST_FILE = setOutSimpleLife/Info.plist;
				LD_RUNPATH_SEARCH_PATHS = (
					"$(inherited)",
					"@executable_path/Frameworks",
				);
				PRODUCT_BUNDLE_IDENTIFIER = tn.esprit.setOutSimpleLife;
				PRODUCT_NAME = "$(TARGET_NAME)";
				SWIFT_VERSION = 5.0;
				TARGETED_DEVICE_FAMILY = "1,2";
			};
			name = Debug;
		};
		989A844D2566B2DA00A0F277 /* Release */ = {
			isa = XCBuildConfiguration;
			buildSettings = {
				ASSETCATALOG_COMPILER_APPICON_NAME = AppIcon;
				ASSETCATALOG_COMPILER_GLOBAL_ACCENT_COLOR_NAME = AccentColor;
				CODE_SIGN_STYLE = Automatic;
				INFOPLIST_FILE = setOutSimpleLife/Info.plist;
				LD_RUNPATH_SEARCH_PATHS = (
					"$(inherited)",
					"@executable_path/Frameworks",
				);
				PRODUCT_BUNDLE_IDENTIFIER = tn.esprit.setOutSimpleLife;
				PRODUCT_NAME = "$(TARGET_NAME)";
				SWIFT_VERSION = 5.0;
				TARGETED_DEVICE_FAMILY = "1,2";
			};
			name = Release;
		};
/* End XCBuildConfiguration section */

/* Begin XCConfigurationList section */
		989A842F2566B2D700A0F277 /* Build configuration list for PBXProject "setOutSimpleLife" */ = {
			isa = XCConfigurationList;
			buildConfigurations = (
				989A84492566B2DA00A0F277 /* Debug */,
				989A844A2566B2DA00A0F277 /* Release */,
			);
			defaultConfigurationIsVisible = 0;
			defaultConfigurationName = Release;
		};
		989A844B2566B2DA00A0F277 /* Build configuration list for PBXNativeTarget "setOutSimpleLife" */ = {
			isa = XCConfigurationList;
			buildConfigurations = (
				989A844C2566B2DA00A0F277 /* Debug */,
				989A844D2566B2DA00A0F277 /* Release */,
			);
			defaultConfigurationIsVisible = 0;
			defaultConfigurationName = Release;
		};
/* End XCConfigurationList section */

/* Begin XCVersionGroup section */
		989A84402566B2D700A0F277 /* setOutSimpleLife.xcdatamodeld */ = {
			isa = XCVersionGroup;
			children = (
				989A84412566B2D700A0F277 /* setOutSimpleLife.xcdatamodel */,
			);
			currentVersion = 989A84412566B2D700A0F277 /* setOutSimpleLife.xcdatamodel */;
			path = setOutSimpleLife.xcdatamodeld;
			sourceTree = "<group>";
			versionGroupType = wrapper.xcdatamodel;
		};
/* End XCVersionGroup section */
	};
	rootObject = 989A842C2566B2D700A0F277 /* Project object */;
}
